
Microsoft Visual Studio Solution File, Format Version 12.00
# Visual Studio Version 17
VisualStudioVersion = 17.3.32519.111
MinimumVisualStudioVersion = 10.0.40219.1
Project("{FAE04EC0-301F-11D3-BF4B-00C04F79EFBC}") = "iRacingSDK", "iRacingSDK.csproj", "{5422AE20-F220-4BE1-9E61-5296981ABB5C}"
EndProject
Project("{FAE04EC0-301F-11D3-BF4B-00C04F79EFBC}") = "GenerateDataModels", "GenerateDataModels\GenerateDataModels.csproj", "{90126FE7-C20E-43EC-93AF-77AA5268E860}"
EndProject
Project("{FAE04EC0-301F-11D3-BF4B-00C04F79EFBC}") = "Sample", "Sample\Sample.csproj", "{8BDF1915-3140-478E-827F-25D495B8CDC5}"
EndProject
Project("{2150E333-8FDC-42A3-9474-1A3956D46DE8}") = "Solution Items", "Solution Items", "{641EF8EB-6EB6-4998-82FA-3761EC9133E8}"
	ProjectSection(SolutionItems) = preProject
		NuGet.config = NuGet.config
	EndProjectSection
EndProject
Project("{FAE04EC0-301F-11D3-BF4B-00C04F79EFBC}") = "iRacingSDK.Net.Tests", "iRacingSDK.Net.Tests\iRacingSDK.Net.Tests.csproj", "{947BD2B6-FFF4-4762-8C0E-718112CDA72E}"
EndProject
Global
	GlobalSection(SolutionConfigurationPlatforms) = preSolution
		Debug|Any CPU = Debug|Any CPU
		Debug|Mixed Platforms = Debug|Mixed Platforms
		Debug|x64 = Debug|x64
		Debug|x86 = Debug|x86
		Release|Any CPU = Release|Any CPU
		Release|Mixed Platforms = Release|Mixed Platforms
		Release|x64 = Release|x64
		Release|x86 = Release|x86
	EndGlobalSection
	GlobalSection(ProjectConfigurationPlatforms) = postSolution
		{5422AE20-F220-4BE1-9E61-5296981ABB5C}.Debug|Any CPU.ActiveCfg = Debug|Any CPU
		{5422AE20-F220-4BE1-9E61-5296981ABB5C}.Debug|Any CPU.Build.0 = Debug|Any CPU
		{5422AE20-F220-4BE1-9E61-5296981ABB5C}.Debug|Mixed Platforms.ActiveCfg = Debug|Any CPU
		{5422AE20-F220-4BE1-9E61-5296981ABB5C}.Debug|Mixed Platforms.Build.0 = Debug|Any CPU
		{5422AE20-F220-4BE1-9E61-5296981ABB5C}.Debug|x64.ActiveCfg = Debug|Any CPU
		{5422AE20-F220-4BE1-9E61-5296981ABB5C}.Debug|x64.Build.0 = Debug|Any CPU
		{5422AE20-F220-4BE1-9E61-5296981ABB5C}.Debug|x86.ActiveCfg = Debug|Any CPU
		{5422AE20-F220-4BE1-9E61-5296981ABB5C}.Release|Any CPU.ActiveCfg = Release|Any CPU
		{5422AE20-F220-4BE1-9E61-5296981ABB5C}.Release|Any CPU.Build.0 = Release|Any CPU
		{5422AE20-F220-4BE1-9E61-5296981ABB5C}.Release|Mixed Platforms.ActiveCfg = Release|Any CPU
		{5422AE20-F220-4BE1-9E61-5296981ABB5C}.Release|Mixed Platforms.Build.0 = Release|Any CPU
		{5422AE20-F220-4BE1-9E61-5296981ABB5C}.Release|x64.ActiveCfg = Release|Any CPU
		{5422AE20-F220-4BE1-9E61-5296981ABB5C}.Release|x86.ActiveCfg = Release|Any CPU
		{90126FE7-C20E-43EC-93AF-77AA5268E860}.Debug|Any CPU.ActiveCfg = Debug|Any CPU
		{90126FE7-C20E-43EC-93AF-77AA5268E860}.Debug|Any CPU.Build.0 = Debug|Any CPU
		{90126FE7-C20E-43EC-93AF-77AA5268E860}.Debug|Mixed Platforms.ActiveCfg = Debug|Any CPU
		{90126FE7-C20E-43EC-93AF-77AA5268E860}.Debug|Mixed Platforms.Build.0 = Debug|Any CPU
		{90126FE7-C20E-43EC-93AF-77AA5268E860}.Debug|x64.ActiveCfg = Debug|Any CPU
		{90126FE7-C20E-43EC-93AF-77AA5268E860}.Debug|x64.Build.0 = Debug|Any CPU
		{90126FE7-C20E-43EC-93AF-77AA5268E860}.Debug|x86.ActiveCfg = Debug|Any CPU
		{90126FE7-C20E-43EC-93AF-77AA5268E860}.Release|Any CPU.ActiveCfg = Release|Any CPU
		{90126FE7-C20E-43EC-93AF-77AA5268E860}.Release|Any CPU.Build.0 = Release|Any CPU
		{90126FE7-C20E-43EC-93AF-77AA5268E860}.Release|Mixed Platforms.ActiveCfg = Release|Any CPU
		{90126FE7-C20E-43EC-93AF-77AA5268E860}.Release|Mixed Platforms.Build.0 = Release|Any CPU
		{90126FE7-C20E-43EC-93AF-77AA5268E860}.Release|x64.ActiveCfg = Release|Any CPU
		{90126FE7-C20E-43EC-93AF-77AA5268E860}.Release|x86.ActiveCfg = Release|Any CPU
		{8BDF1915-3140-478E-827F-25D495B8CDC5}.Debug|Any CPU.ActiveCfg = Debug|Any CPU
		{8BDF1915-3140-478E-827F-25D495B8CDC5}.Debug|Any CPU.Build.0 = Debug|Any CPU
		{8BDF1915-3140-478E-827F-25D495B8CDC5}.Debug|Mixed Platforms.ActiveCfg = Debug|Any CPU
		{8BDF1915-3140-478E-827F-25D495B8CDC5}.Debug|Mixed Platforms.Build.0 = Debug|Any CPU
		{8BDF1915-3140-478E-827F-25D495B8CDC5}.Debug|x64.ActiveCfg = Debug|Any CPU
		{8BDF1915-3140-478E-827F-25D495B8CDC5}.Debug|x64.Build.0 = Debug|Any CPU
		{8BDF1915-3140-478E-827F-25D495B8CDC5}.Debug|x86.ActiveCfg = Debug|Any CPU
		{8BDF1915-3140-478E-827F-25D495B8CDC5}.Release|Any CPU.ActiveCfg = Release|Any CPU
		{8BDF1915-3140-478E-827F-25D495B8CDC5}.Release|Any CPU.Build.0 = Release|Any CPU
		{8BDF1915-3140-478E-827F-25D495B8CDC5}.Release|Mixed Platforms.ActiveCfg = Release|Any CPU
		{8BDF1915-3140-478E-827F-25D495B8CDC5}.Release|Mixed Platforms.Build.0 = Release|Any CPU
		{8BDF1915-3140-478E-827F-25D495B8CDC5}.Release|x64.ActiveCfg = Release|Any CPU
		{8BDF1915-3140-478E-827F-25D495B8CDC5}.Release|x86.ActiveCfg = Release|Any CPU
		{947BD2B6-FFF4-4762-8C0E-718112CDA72E}.Debug|Any CPU.ActiveCfg = Debug|Any CPU
		{947BD2B6-FFF4-4762-8C0E-718112CDA72E}.Debug|Mixed Platforms.ActiveCfg = Debug|Any CPU
		{947BD2B6-FFF4-4762-8C0E-718112CDA72E}.Debug|Mixed Platforms.Build.0 = Debug|Any CPU
		{947BD2B6-FFF4-4762-8C0E-718112CDA72E}.Debug|x64.ActiveCfg = Debug|x64
		{947BD2B6-FFF4-4762-8C0E-718112CDA72E}.Debug|x64.Build.0 = Debug|x64
		{947BD2B6-FFF4-4762-8C0E-718112CDA72E}.Debug|x86.ActiveCfg = Debug|x64
		{947BD2B6-FFF4-4762-8C0E-718112CDA72E}.Release|Any CPU.ActiveCfg = Release|Any CPU
		{947BD2B6-FFF4-4762-8C0E-718112CDA72E}.Release|Any CPU.Build.0 = Release|Any CPU
		{947BD2B6-FFF4-4762-8C0E-718112CDA72E}.Release|Mixed Platforms.ActiveCfg = Release|Any CPU
		{947BD2B6-FFF4-4762-8C0E-718112CDA72E}.Release|Mixed Platforms.Build.0 = Release|Any CPU
		{947BD2B6-FFF4-4762-8C0E-718112CDA72E}.Release|x64.ActiveCfg = Release|x64
		{947BD2B6-FFF4-4762-8C0E-718112CDA72E}.Release|x64.Build.0 = Release|x64
		{947BD2B6-FFF4-4762-8C0E-718112CDA72E}.Release|x86.ActiveCfg = Release|x64
	EndGlobalSection
	GlobalSection(SolutionProperties) = preSolution
		HideSolutionNode = FALSE
	EndGlobalSection
	GlobalSection(ExtensibilityGlobals) = postSolution
		SolutionGuid = {E061CA01-5C10-4B92-823B-CE9211A2DA24}
	EndGlobalSection
EndGlobal
